
Microsoft Visual Studio Solution File, Format Version 12.00
# Visual Studio Version 17
VisualStudioVersion = 17.12.35527.113 d17.12
MinimumVisualStudioVersion = 10.0.40219.1
Project("{FAE04EC0-301F-11D3-BF4B-00C04F79EFBC}") = "Loader-Friendly FM Packager", "Loader-Friendly FM Packager\Loader-Friendly FM Packager.csproj", "{352D1998-E123-483D-974A-141E420F82BF}"
EndProject
Global
	GlobalSection(SolutionConfigurationPlatforms) = preSolution
		Debug|Any CPU = Debug|Any CPU
		Debug|x64 = Debug|x64
		Release|Any CPU = Release|Any CPU
		Release|x64 = Release|x64
	EndGlobalSection
	GlobalSection(ProjectConfigurationPlatforms) = postSolution
		{352D1998-E123-483D-974A-141E420F82BF}.Debug|Any CPU.ActiveCfg = Debug|Any CPU
		{352D1998-E123-483D-974A-141E420F82BF}.Debug|Any CPU.Build.0 = Debug|Any CPU
		{352D1998-E123-483D-974A-141E420F82BF}.Debug|x64.ActiveCfg = Debug|x64
		{352D1998-E123-483D-974A-141E420F82BF}.Debug|x64.Build.0 = Debug|x64
		{352D1998-E123-483D-974A-141E420F82BF}.Release|Any CPU.ActiveCfg = Release|Any CPU
		{352D1998-E123-483D-974A-141E420F82BF}.Release|Any CPU.Build.0 = Release|Any CPU
		{352D1998-E123-483D-974A-141E420F82BF}.Release|x64.ActiveCfg = Release|x64
		{352D1998-E123-483D-974A-141E420F82BF}.Release|x64.Build.0 = Release|x64
	EndGlobalSection
	GlobalSection(SolutionProperties) = preSolution
		HideSolutionNode = FALSE
	EndGlobalSection
EndGlobal
